# THIS IS AN AUTOGENERATED FILE. DO NOT EDIT THIS FILE DIRECTLY.
# yarn lockfile v1


to-words@^3.5.1:
  version "3.5.1"
  resolved "https://registry.yarnpkg.com/to-words/-/to-words-3.5.1.tgz#2e86b5d0e49078aeb766c5196d3a9371145f6e0a"
  integrity sha512-Jzm0Y/HDVDUTpQ+ho9vhdpHrLeLXnRIoBJbFYly6qhyW5/LNX3dp4wuWW024c+n1nKEw7cQWvSHYeKtte7OQfg==
